// !$*UTF8*$!
{
	archiveVersion = 1;
	classes = {
	};
	objectVersion = 55;
	objects = {

/* Begin PBXBuildFile section */
		741FF8D22757CF92009F823E /* Home.storyboard in Resources */ = {isa = PBXBuildFile; fileRef = 741FF8D12757CF92009F823E /* Home.storyboard */; };
		741FF8D72757D01F009F823E /* Live.storyboard in Resources */ = {isa = PBXBuildFile; fileRef = 741FF8D62757D01F009F823E /* Live.storyboard */; };
		741FF8DA2757D038009F823E /* Follow.storyboard in Resources */ = {isa = PBXBuildFile; fileRef = 741FF8D82757D038009F823E /* Follow.storyboard */; };
		741FF8DC2757D699009F823E /* MainViewController.swift in Sources */ = {isa = PBXBuildFile; fileRef = 741FF8DB2757D699009F823E /* MainViewController.swift */; };
		741FF8FA2757DCF0009F823E /* Profile.storyboard in Resources */ = {isa = PBXBuildFile; fileRef = 741FF8F92757DCF0009F823E /* Profile.storyboard */; };
		741FF8FC2757DD45009F823E /* HomeViewController.swift in Sources */ = {isa = PBXBuildFile; fileRef = 741FF8FB2757DD45009F823E /* HomeViewController.swift */; };
		7469B7BF27584C7100CD2B2D /* UIBarButtonItem-Extension.swift in Sources */ = {isa = PBXBuildFile; fileRef = 7469B7BE27584C7100CD2B2D /* UIBarButtonItem-Extension.swift */; };
		7469B7C1275ABEEE00CD2B2D /* PageTitleView.swift in Sources */ = {isa = PBXBuildFile; fileRef = 7469B7C0275ABEEE00CD2B2D /* PageTitleView.swift */; };
		7469B7C4275AC26200CD2B2D /* Common.swift in Sources */ = {isa = PBXBuildFile; fileRef = 7469B7C3275AC26200CD2B2D /* Common.swift */; };
		7469B7C7275BEE7300CD2B2D /* PageContentView.swift in Sources */ = {isa = PBXBuildFile; fileRef = 7469B7C6275BEE7300CD2B2D /* PageContentView.swift */; };
		7469B7C9275BF14D00CD2B2D /* UIColor-Extension.swift in Sources */ = {isa = PBXBuildFile; fileRef = 7469B7C8275BF14D00CD2B2D /* UIColor-Extension.swift */; };
		74E0E80827553DDE0048BF75 /* AppDelegate.swift in Sources */ = {isa = PBXBuildFile; fileRef = 74E0E80727553DDE0048BF75 /* AppDelegate.swift */; };
		74E0E80A27553DDE0048BF75 /* SceneDelegate.swift in Sources */ = {isa = PBXBuildFile; fileRef = 74E0E80927553DDE0048BF75 /* SceneDelegate.swift */; };
		74E0E80C27553DDE0048BF75 /* ViewController.swift in Sources */ = {isa = PBXBuildFile; fileRef = 74E0E80B27553DDE0048BF75 /* ViewController.swift */; };
		74E0E80F27553DDE0048BF75 /* Main.storyboard in Resources */ = {isa = PBXBuildFile; fileRef = 74E0E80D27553DDE0048BF75 /* Main.storyboard */; };
		74E0E81127553DE10048BF75 /* Assets.xcassets in Resources */ = {isa = PBXBuildFile; fileRef = 74E0E81027553DE10048BF75 /* Assets.xcassets */; };
		74E0E81427553DE10048BF75 /* LaunchScreen.storyboard in Resources */ = {isa = PBXBuildFile; fileRef = 74E0E81227553DE10048BF75 /* LaunchScreen.storyboard */; };
		74E0E81F27553DE10048BF75 /* dyzbTests.swift in Sources */ = {isa = PBXBuildFile; fileRef = 74E0E81E27553DE10048BF75 /* dyzbTests.swift */; };
		74E0E82927553DE10048BF75 /* dyzbUITests.swift in Sources */ = {isa = PBXBuildFile; fileRef = 74E0E82827553DE10048BF75 /* dyzbUITests.swift */; };
		74E0E82B27553DE10048BF75 /* dyzbUITestsLaunchTests.swift in Sources */ = {isa = PBXBuildFile; fileRef = 74E0E82A27553DE10048BF75 /* dyzbUITestsLaunchTests.swift */; };
		74E0E84027554DCB0048BF75 /* CollectionViewCell.swift in Sources */ = {isa = PBXBuildFile; fileRef = 74E0E83F27554DCB0048BF75 /* CollectionViewCell.swift */; };
/* End PBXBuildFile section */

/* Begin PBXContainerItemProxy section */
		74E0E81B27553DE10048BF75 /* PBXContainerItemProxy */ = {
			isa = PBXContainerItemProxy;
			containerPortal = 74E0E7FC27553DDE0048BF75 /* Project object */;
			proxyType = 1;
			remoteGlobalIDString = 74E0E80327553DDE0048BF75;
			remoteInfo = dyzb;
		};
		74E0E82527553DE10048BF75 /* PBXContainerItemProxy */ = {
			isa = PBXContainerItemProxy;
			containerPortal = 74E0E7FC27553DDE0048BF75 /* Project object */;
			proxyType = 1;
			remoteGlobalIDString = 74E0E80327553DDE0048BF75;
			remoteInfo = dyzb;
		};
/* End PBXContainerItemProxy section */

/* Begin PBXFileReference section */
		741FF8D12757CF92009F823E /* Home.storyboard */ = {isa = PBXFileReference; fileEncoding = 4; lastKnownFileType = file.storyboard; path = Home.storyboard; sourceTree = "<group>"; };
		741FF8D62757D01F009F823E /* Live.storyboard */ = {isa = PBXFileReference; fileEncoding = 4; lastKnownFileType = file.storyboard; path = Live.storyboard; sourceTree = SOURCE_ROOT; };
		741FF8D92757D038009F823E /* Base */ = {isa = PBXFileReference; lastKnownFileType = file.storyboard; name = Base; path = dyzb/Classes/Main/Base.lproj/Follow.storyboard; sourceTree = SOURCE_ROOT; };
		741FF8DB2757D699009F823E /* MainViewController.swift */ = {isa = PBXFileReference; lastKnownFileType = sourcecode.swift; path = MainViewController.swift; sourceTree = "<group>"; };
		741FF8F92757DCF0009F823E /* Profile.storyboard */ = {isa = PBXFileReference; fileEncoding = 4; lastKnownFileType = file.storyboard; name = Profile.storyboard; path = ../../../../../../../.Trash/Profile.storyboard; sourceTree = "<group>"; };
		741FF8FB2757DD45009F823E /* HomeViewController.swift */ = {isa = PBXFileReference; lastKnownFileType = sourcecode.swift; path = HomeViewController.swift; sourceTree = "<group>"; };
		7469B7BE27584C7100CD2B2D /* UIBarButtonItem-Extension.swift */ = {isa = PBXFileReference; lastKnownFileType = sourcecode.swift; path = "UIBarButtonItem-Extension.swift"; sourceTree = "<group>"; };
		7469B7C0275ABEEE00CD2B2D /* PageTitleView.swift */ = {isa = PBXFileReference; lastKnownFileType = sourcecode.swift; path = PageTitleView.swift; sourceTree = "<group>"; };
		7469B7C3275AC26200CD2B2D /* Common.swift */ = {isa = PBXFileReference; lastKnownFileType = sourcecode.swift; path = Common.swift; sourceTree = "<group>"; };
		7469B7C6275BEE7300CD2B2D /* PageContentView.swift */ = {isa = PBXFileReference; lastKnownFileType = sourcecode.swift; path = PageContentView.swift; sourceTree = "<group>"; };
		7469B7C8275BF14D00CD2B2D /* UIColor-Extension.swift */ = {isa = PBXFileReference; lastKnownFileType = sourcecode.swift; path = "UIColor-Extension.swift"; sourceTree = "<group>"; };
		74E0E80427553DDE0048BF75 /* dyzb.app */ = {isa = PBXFileReference; explicitFileType = wrapper.application; includeInIndex = 0; path = dyzb.app; sourceTree = BUILT_PRODUCTS_DIR; };
		74E0E80727553DDE0048BF75 /* AppDelegate.swift */ = {isa = PBXFileReference; lastKnownFileType = sourcecode.swift; path = AppDelegate.swift; sourceTree = "<group>"; };
		74E0E80927553DDE0048BF75 /* SceneDelegate.swift */ = {isa = PBXFileReference; lastKnownFileType = sourcecode.swift; path = SceneDelegate.swift; sourceTree = "<group>"; };
		74E0E80B27553DDE0048BF75 /* ViewController.swift */ = {isa = PBXFileReference; lastKnownFileType = sourcecode.swift; path = ViewController.swift; sourceTree = "<group>"; };
		74E0E80E27553DDE0048BF75 /* Base */ = {isa = PBXFileReference; lastKnownFileType = file.storyboard; name = Base; path = Base.lproj/Main.storyboard; sourceTree = "<group>"; };
		74E0E81027553DE10048BF75 /* Assets.xcassets */ = {isa = PBXFileReference; lastKnownFileType = folder.assetcatalog; path = Assets.xcassets; sourceTree = "<group>"; };
		74E0E81327553DE10048BF75 /* Base */ = {isa = PBXFileReference; lastKnownFileType = file.storyboard; name = Base; path = Base.lproj/LaunchScreen.storyboard; sourceTree = "<group>"; };
		74E0E81527553DE10048BF75 /* Info.plist */ = {isa = PBXFileReference; lastKnownFileType = text.plist.xml; path = Info.plist; sourceTree = "<group>"; };
		74E0E81A27553DE10048BF75 /* dyzbTests.xctest */ = {isa = PBXFileReference; explicitFileType = wrapper.cfbundle; includeInIndex = 0; path = dyzbTests.xctest; sourceTree = BUILT_PRODUCTS_DIR; };
		74E0E81E27553DE10048BF75 /* dyzbTests.swift */ = {isa = PBXFileReference; lastKnownFileType = sourcecode.swift; path = dyzbTests.swift; sourceTree = "<group>"; };
		74E0E82427553DE10048BF75 /* dyzbUITests.xctest */ = {isa = PBXFileReference; explicitFileType = wrapper.cfbundle; includeInIndex = 0; path = dyzbUITests.xctest; sourceTree = BUILT_PRODUCTS_DIR; };
		74E0E82827553DE10048BF75 /* dyzbUITests.swift */ = {isa = PBXFileReference; lastKnownFileType = sourcecode.swift; path = dyzbUITests.swift; sourceTree = "<group>"; };
		74E0E82A27553DE10048BF75 /* dyzbUITestsLaunchTests.swift */ = {isa = PBXFileReference; lastKnownFileType = sourcecode.swift; path = dyzbUITestsLaunchTests.swift; sourceTree = "<group>"; };
		74E0E83F27554DCB0048BF75 /* CollectionViewCell.swift */ = {isa = PBXFileReference; lastKnownFileType = sourcecode.swift; path = CollectionViewCell.swift; sourceTree = "<group>"; };
/* End PBXFileReference section */

/* Begin PBXFrameworksBuildPhase section */
		74E0E80127553DDE0048BF75 /* Frameworks */ = {
			isa = PBXFrameworksBuildPhase;
			buildActionMask = 2147483647;
			files = (
			);
			runOnlyForDeploymentPostprocessing = 0;
		};
		74E0E81727553DE10048BF75 /* Frameworks */ = {
			isa = PBXFrameworksBuildPhase;
			buildActionMask = 2147483647;
			files = (
			);
			runOnlyForDeploymentPostprocessing = 0;
		};
		74E0E82127553DE10048BF75 /* Frameworks */ = {
			isa = PBXFrameworksBuildPhase;
			buildActionMask = 2147483647;
			files = (
			);
			runOnlyForDeploymentPostprocessing = 0;
		};
/* End PBXFrameworksBuildPhase section */

/* Begin PBXGroup section */
		741FF8E82757DBA5009F823E /* Model */ = {
			isa = PBXGroup;
			children = (
			);
			path = Model;
			sourceTree = "<group>";
		};
		741FF8E92757DBA5009F823E /* View */ = {
			isa = PBXGroup;
			children = (
			);
			path = View;
			sourceTree = "<group>";
		};
		741FF8EA2757DBA5009F823E /* Controller */ = {
			isa = PBXGroup;
			children = (
				741FF8FB2757DD45009F823E /* HomeViewController.swift */,
				741FF8D12757CF92009F823E /* Home.storyboard */,
			);
			path = Controller;
			sourceTree = "<group>";
		};
		741FF8EB2757DBC1009F823E /* Model */ = {
			isa = PBXGroup;
			children = (
			);
			path = Model;
			sourceTree = "<group>";
		};
		741FF8EC2757DBC1009F823E /* View */ = {
			isa = PBXGroup;
			children = (
			);
			path = View;
			sourceTree = "<group>";
		};
		741FF8ED2757DBC1009F823E /* Controller */ = {
			isa = PBXGroup;
			children = (
			);
			path = Controller;
			sourceTree = "<group>";
		};
		741FF8EE2757DBD5009F823E /* Model */ = {
			isa = PBXGroup;
			children = (
			);
			path = Model;
			sourceTree = "<group>";
		};
		741FF8EF2757DBD5009F823E /* Controller */ = {
			isa = PBXGroup;
			children = (
				741FF8F92757DCF0009F823E /* Profile.storyboard */,
			);
			path = Controller;
			sourceTree = "<group>";
		};
		741FF8F02757DBD5009F823E /* View */ = {
			isa = PBXGroup;
			children = (
			);
			path = View;
			sourceTree = "<group>";
		};
		741FF8F12757DBE1009F823E /* Controller */ = {
			isa = PBXGroup;
			children = (
			);
			path = Controller;
			sourceTree = "<group>";
		};
		741FF8F22757DBE1009F823E /* Model */ = {
			isa = PBXGroup;
			children = (
			);
			path = Model;
			sourceTree = "<group>";
		};
		741FF8F32757DBE1009F823E /* View */ = {
			isa = PBXGroup;
			children = (
			);
			path = View;
			sourceTree = "<group>";
		};
		741FF8F42757DC57009F823E /* Controller */ = {
			isa = PBXGroup;
			children = (
				741FF8DB2757D699009F823E /* MainViewController.swift */,
				74E0E80D27553DDE0048BF75 /* Main.storyboard */,
			);
			path = Controller;
			sourceTree = "<group>";
		};
		741FF8F52757DC57009F823E /* Model */ = {
			isa = PBXGroup;
			children = (
			);
			path = Model;
			sourceTree = "<group>";
		};
		741FF8F62757DC57009F823E /* View */ = {
			isa = PBXGroup;
			children = (
				7469B7C0275ABEEE00CD2B2D /* PageTitleView.swift */,
				7469B7C6275BEE7300CD2B2D /* PageContentView.swift */,
			);
			path = View;
			sourceTree = "<group>";
		};
		7469B7C2275AC22200CD2B2D /* Extension */ = {
			isa = PBXGroup;
			children = (
				7469B7BE27584C7100CD2B2D /* UIBarButtonItem-Extension.swift */,
				7469B7C8275BF14D00CD2B2D /* UIColor-Extension.swift */,
			);
			path = Extension;
			sourceTree = "<group>";
		};
		74E0E7FB27553DDE0048BF75 = {
			isa = PBXGroup;
			children = (
				74E0E80627553DDE0048BF75 /* dyzb */,
				74E0E81D27553DE10048BF75 /* dyzbTests */,
				74E0E82727553DE10048BF75 /* dyzbUITests */,
				74E0E80527553DDE0048BF75 /* Products */,
			);
			sourceTree = "<group>";
		};
		74E0E80527553DDE0048BF75 /* Products */ = {
			isa = PBXGroup;
			children = (
				74E0E80427553DDE0048BF75 /* dyzb.app */,
				74E0E81A27553DE10048BF75 /* dyzbTests.xctest */,
				74E0E82427553DE10048BF75 /* dyzbUITests.xctest */,
			);
			name = Products;
			sourceTree = "<group>";
		};
		74E0E80627553DDE0048BF75 /* dyzb */ = {
			isa = PBXGroup;
			children = (
				74E0E83827554C550048BF75 /* Classes */,
				74E0E80727553DDE0048BF75 /* AppDelegate.swift */,
				74E0E80927553DDE0048BF75 /* SceneDelegate.swift */,
				74E0E80B27553DDE0048BF75 /* ViewController.swift */,
				74E0E81027553DE10048BF75 /* Assets.xcassets */,
				74E0E81227553DE10048BF75 /* LaunchScreen.storyboard */,
				74E0E81527553DE10048BF75 /* Info.plist */,
			);
			path = dyzb;
			sourceTree = "<group>";
		};
		74E0E81D27553DE10048BF75 /* dyzbTests */ = {
			isa = PBXGroup;
			children = (
				74E0E81E27553DE10048BF75 /* dyzbTests.swift */,
			);
			path = dyzbTests;
			sourceTree = "<group>";
		};
		74E0E82727553DE10048BF75 /* dyzbUITests */ = {
			isa = PBXGroup;
			children = (
				74E0E82827553DE10048BF75 /* dyzbUITests.swift */,
				74E0E82A27553DE10048BF75 /* dyzbUITestsLaunchTests.swift */,
			);
			path = dyzbUITests;
			sourceTree = "<group>";
		};
		74E0E83827554C550048BF75 /* Classes */ = {
			isa = PBXGroup;
			children = (
				74E0E83E27554CAC0048BF75 /* Tools */,
				74E0E83D27554C9C0048BF75 /* Profile */,
				74E0E83C27554C890048BF75 /* Follow */,
				74E0E83B27554C7A0048BF75 /* Live */,
				74E0E83A27554C6F0048BF75 /* Home */,
				74E0E83927554C640048BF75 /* Main */,
			);
			path = Classes;
			sourceTree = "<group>";
		};
		74E0E83927554C640048BF75 /* Main */ = {
			isa = PBXGroup;
			children = (
				741FF8F42757DC57009F823E /* Controller */,
				741FF8F52757DC57009F823E /* Model */,
				741FF8F62757DC57009F823E /* View */,
			);
			path = Main;
			sourceTree = "<group>";
		};
		74E0E83A27554C6F0048BF75 /* Home */ = {
			isa = PBXGroup;
			children = (
				741FF8EA2757DBA5009F823E /* Controller */,
				741FF8E82757DBA5009F823E /* Model */,
				741FF8E92757DBA5009F823E /* View */,
			);
			path = Home;
			sourceTree = "<group>";
		};
		74E0E83B27554C7A0048BF75 /* Live */ = {
			isa = PBXGroup;
			children = (
				741FF8F12757DBE1009F823E /* Controller */,
				741FF8F22757DBE1009F823E /* Model */,
				741FF8F32757DBE1009F823E /* View */,
				741FF8D62757D01F009F823E /* Live.storyboard */,
			);
			path = Live;
			sourceTree = "<group>";
		};
		74E0E83C27554C890048BF75 /* Follow */ = {
			isa = PBXGroup;
			children = (
				741FF8ED2757DBC1009F823E /* Controller */,
				741FF8EB2757DBC1009F823E /* Model */,
				741FF8EC2757DBC1009F823E /* View */,
				741FF8D82757D038009F823E /* Follow.storyboard */,
			);
			path = Follow;
			sourceTree = "<group>";
		};
		74E0E83D27554C9C0048BF75 /* Profile */ = {
			isa = PBXGroup;
			children = (
				741FF8EF2757DBD5009F823E /* Controller */,
				741FF8EE2757DBD5009F823E /* Model */,
				741FF8F02757DBD5009F823E /* View */,
			);
			path = Profile;
			sourceTree = "<group>";
		};
		74E0E83E27554CAC0048BF75 /* Tools */ = {
			isa = PBXGroup;
			children = (
				7469B7C2275AC22200CD2B2D /* Extension */,
				74E0E83F27554DCB0048BF75 /* CollectionViewCell.swift */,
				7469B7C3275AC26200CD2B2D /* Common.swift */,
			);
			path = Tools;
			sourceTree = "<group>";
		};
/* End PBXGroup section */

/* Begin PBXNativeTarget section */
		74E0E80327553DDE0048BF75 /* dyzb */ = {
			isa = PBXNativeTarget;
			buildConfigurationList = 74E0E82E27553DE10048BF75 /* Build configuration list for PBXNativeTarget "dyzb" */;
			buildPhases = (
				74E0E80027553DDE0048BF75 /* Sources */,
				74E0E80127553DDE0048BF75 /* Frameworks */,
				74E0E80227553DDE0048BF75 /* Resources */,
			);
			buildRules = (
			);
			dependencies = (
			);
			name = dyzb;
			productName = dyzb;
			productReference = 74E0E80427553DDE0048BF75 /* dyzb.app */;
			productType = "com.apple.product-type.application";
		};
		74E0E81927553DE10048BF75 /* dyzbTests */ = {
			isa = PBXNativeTarget;
			buildConfigurationList = 74E0E83127553DE10048BF75 /* Build configuration list for PBXNativeTarget "dyzbTests" */;
			buildPhases = (
				74E0E81627553DE10048BF75 /* Sources */,
				74E0E81727553DE10048BF75 /* Frameworks */,
				74E0E81827553DE10048BF75 /* Resources */,
			);
			buildRules = (
			);
			dependencies = (
				74E0E81C27553DE10048BF75 /* PBXTargetDependency */,
			);
			name = dyzbTests;
			productName = dyzbTests;
			productReference = 74E0E81A27553DE10048BF75 /* dyzbTests.xctest */;
			productType = "com.apple.product-type.bundle.unit-test";
		};
		74E0E82327553DE10048BF75 /* dyzbUITests */ = {
			isa = PBXNativeTarget;
			buildConfigurationList = 74E0E83427553DE10048BF75 /* Build configuration list for PBXNativeTarget "dyzbUITests" */;
			buildPhases = (
				74E0E82027553DE10048BF75 /* Sources */,
				74E0E82127553DE10048BF75 /* Frameworks */,
				74E0E82227553DE10048BF75 /* Resources */,
			);
			buildRules = (
			);
			dependencies = (
				74E0E82627553DE10048BF75 /* PBXTargetDependency */,
			);
			name = dyzbUITests;
			productName = dyzbUITests;
			productReference = 74E0E82427553DE10048BF75 /* dyzbUITests.xctest */;
			productType = "com.apple.product-type.bundle.ui-testing";
		};
/* End PBXNativeTarget section */

/* Begin PBXProject section */
		74E0E7FC27553DDE0048BF75 /* Project object */ = {
			isa = PBXProject;
			attributes = {
				BuildIndependentTargetsInParallel = 1;
				LastSwiftUpdateCheck = 1310;
				LastUpgradeCheck = 1310;
				TargetAttributes = {
					74E0E80327553DDE0048BF75 = {
						CreatedOnToolsVersion = 13.1;
					};
					74E0E81927553DE10048BF75 = {
						CreatedOnToolsVersion = 13.1;
						TestTargetID = 74E0E80327553DDE0048BF75;
					};
					74E0E82327553DE10048BF75 = {
						CreatedOnToolsVersion = 13.1;
						TestTargetID = 74E0E80327553DDE0048BF75;
					};
				};
			};
			buildConfigurationList = 74E0E7FF27553DDE0048BF75 /* Build configuration list for PBXProject "dyzb" */;
			compatibilityVersion = "Xcode 13.0";
			developmentRegion = en;
			hasScannedForEncodings = 0;
			knownRegions = (
				en,
				Base,
			);
			mainGroup = 74E0E7FB27553DDE0048BF75;
			productRefGroup = 74E0E80527553DDE0048BF75 /* Products */;
			projectDirPath = "";
			projectRoot = "";
			targets = (
				74E0E80327553DDE0048BF75 /* dyzb */,
				74E0E81927553DE10048BF75 /* dyzbTests */,
				74E0E82327553DE10048BF75 /* dyzbUITests */,
			);
		};
/* End PBXProject section */

/* Begin PBXResourcesBuildPhase section */
		74E0E80227553DDE0048BF75 /* Resources */ = {
			isa = PBXResourcesBuildPhase;
			buildActionMask = 2147483647;
			files = (
				74E0E81427553DE10048BF75 /* LaunchScreen.storyboard in Resources */,
				74E0E81127553DE10048BF75 /* Assets.xcassets in Resources */,
				741FF8FA2757DCF0009F823E /* Profile.storyboard in Resources */,
				741FF8D72757D01F009F823E /* Live.storyboard in Resources */,
				741FF8DA2757D038009F823E /* Follow.storyboard in Resources */,
				74E0E80F27553DDE0048BF75 /* Main.storyboard in Resources */,
				741FF8D22757CF92009F823E /* Home.storyboard in Resources */,
			);
			runOnlyForDeploymentPostprocessing = 0;
		};
		74E0E81827553DE10048BF75 /* Resources */ = {
			isa = PBXResourcesBuildPhase;
			buildActionMask = 2147483647;
			files = (
			);
			runOnlyForDeploymentPostprocessing = 0;
		};
		74E0E82227553DE10048BF75 /* Resources */ = {
			isa = PBXResourcesBuildPhase;
			buildActionMask = 2147483647;
			files = (
			);
			runOnlyForDeploymentPostprocessing = 0;
		};
/* End PBXResourcesBuildPhase section */

/* Begin PBXSourcesBuildPhase section */
		74E0E80027553DDE0048BF75 /* Sources */ = {
			isa = PBXSourcesBuildPhase;
			buildActionMask = 2147483647;
			files = (
				7469B7C1275ABEEE00CD2B2D /* PageTitleView.swift in Sources */,
				74E0E80C27553DDE0048BF75 /* ViewController.swift in Sources */,
				74E0E80827553DDE0048BF75 /* AppDelegate.swift in Sources */,
				7469B7C7275BEE7300CD2B2D /* PageContentView.swift in Sources */,
				74E0E84027554DCB0048BF75 /* CollectionViewCell.swift in Sources */,
				7469B7C4275AC26200CD2B2D /* Common.swift in Sources */,
				74E0E80A27553DDE0048BF75 /* SceneDelegate.swift in Sources */,
				741FF8DC2757D699009F823E /* MainViewController.swift in Sources */,
				741FF8FC2757DD45009F823E /* HomeViewController.swift in Sources */,
				7469B7BF27584C7100CD2B2D /* UIBarButtonItem-Extension.swift in Sources */,
				7469B7C9275BF14D00CD2B2D /* UIColor-Extension.swift in Sources */,
			);
			runOnlyForDeploymentPostprocessing = 0;
		};
		74E0E81627553DE10048BF75 /* Sources */ = {
			isa = PBXSourcesBuildPhase;
			buildActionMask = 2147483647;
			files = (
				74E0E81F27553DE10048BF75 /* dyzbTests.swift in Sources */,
			);
			runOnlyForDeploymentPostprocessing = 0;
		};
		74E0E82027553DE10048BF75 /* Sources */ = {
			isa = PBXSourcesBuildPhase;
			buildActionMask = 2147483647;
			files = (
				74E0E82927553DE10048BF75 /* dyzbUITests.swift in Sources */,
				74E0E82B27553DE10048BF75 /* dyzbUITestsLaunchTests.swift in Sources */,
			);
			runOnlyForDeploymentPostprocessing = 0;
		};
/* End PBXSourcesBuildPhase section */

/* Begin PBXTargetDependency section */
		74E0E81C27553DE10048BF75 /* PBXTargetDependency */ = {
			isa = PBXTargetDependency;
			target = 74E0E80327553DDE0048BF75 /* dyzb */;
			targetProxy = 74E0E81B27553DE10048BF75 /* PBXContainerItemProxy */;
		};
		74E0E82627553DE10048BF75 /* PBXTargetDependency */ = {
			isa = PBXTargetDependency;
			target = 74E0E80327553DDE0048BF75 /* dyzb */;
			targetProxy = 74E0E82527553DE10048BF75 /* PBXContainerItemProxy */;
		};
/* End PBXTargetDependency section */

/* Begin PBXVariantGroup section */
		741FF8D82757D038009F823E /* Follow.storyboard */ = {
			isa = PBXVariantGroup;
			children = (
				741FF8D92757D038009F823E /* Base */,
			);
			name = Follow.storyboard;
			sourceTree = "<group>";
		};
		74E0E80D27553DDE0048BF75 /* Main.storyboard */ = {
			isa = PBXVariantGroup;
			children = (
				74E0E80E27553DDE0048BF75 /* Base */,
			);
			name = Main.storyboard;
			sourceTree = "<group>";
		};
		74E0E81227553DE10048BF75 /* LaunchScreen.storyboard */ = {
			isa = PBXVariantGroup;
			children = (
				74E0E81327553DE10048BF75 /* Base */,
			);
			name = LaunchScreen.storyboard;
			sourceTree = "<group>";
		};
/* End PBXVariantGroup section */

/* Begin XCBuildConfiguration section */
		74E0E82C27553DE10048BF75 /* Debug */ = {
			isa = XCBuildConfiguration;
			buildSettings = {
				ALWAYS_SEARCH_USER_PATHS = NO;
				CLANG_ANALYZER_NONNULL = YES;
				CLANG_ANALYZER_NUMBER_OBJECT_CONVERSION = YES_AGGRESSIVE;
				CLANG_CXX_LANGUAGE_STANDARD = "gnu++17";
				CLANG_CXX_LIBRARY = "libc++";
				CLANG_ENABLE_MODULES = YES;
				CLANG_ENABLE_OBJC_ARC = YES;
				CLANG_ENABLE_OBJC_WEAK = YES;
				CLANG_WARN_BLOCK_CAPTURE_AUTORELEASING = YES;
				CLANG_WARN_BOOL_CONVERSION = YES;
				CLANG_WARN_COMMA = YES;
				CLANG_WARN_CONSTANT_CONVERSION = YES;
				CLANG_WARN_DEPRECATED_OBJC_IMPLEMENTATIONS = YES;
				CLANG_WARN_DIRECT_OBJC_ISA_USAGE = YES_ERROR;
				CLANG_WARN_DOCUMENTATION_COMMENTS = YES;
				CLANG_WARN_EMPTY_BODY = YES;
				CLANG_WARN_ENUM_CONVERSION = YES;
				CLANG_WARN_INFINITE_RECURSION = YES;
				CLANG_WARN_INT_CONVERSION = YES;
				CLANG_WARN_NON_LITERAL_NULL_CONVERSION = YES;
				CLANG_WARN_OBJC_IMPLICIT_RETAIN_SELF = YES;
				CLANG_WARN_OBJC_LITERAL_CONVERSION = YES;
				CLANG_WARN_OBJC_ROOT_CLASS = YES_ERROR;
				CLANG_WARN_QUOTED_INCLUDE_IN_FRAMEWORK_HEADER = YES;
				CLANG_WARN_RANGE_LOOP_ANALYSIS = YES;
				CLANG_WARN_STRICT_PROTOTYPES = YES;
				CLANG_WARN_SUSPICIOUS_MOVE = YES;
				CLANG_WARN_UNGUARDED_AVAILABILITY = YES_AGGRESSIVE;
				CLANG_WARN_UNREACHABLE_CODE = YES;
				CLANG_WARN__DUPLICATE_METHOD_MATCH = YES;
				COPY_PHASE_STRIP = NO;
				DEBUG_INFORMATION_FORMAT = dwarf;
				ENABLE_STRICT_OBJC_MSGSEND = YES;
				ENABLE_TESTABILITY = YES;
				GCC_C_LANGUAGE_STANDARD = gnu11;
				GCC_DYNAMIC_NO_PIC = NO;
				GCC_NO_COMMON_BLOCKS = YES;
				GCC_OPTIMIZATION_LEVEL = 0;
				GCC_PREPROCESSOR_DEFINITIONS = (
					"DEBUG=1",
					"$(inherited)",
				);
				GCC_WARN_64_TO_32_BIT_CONVERSION = YES;
				GCC_WARN_ABOUT_RETURN_TYPE = YES_ERROR;
				GCC_WARN_UNDECLARED_SELECTOR = YES;
				GCC_WARN_UNINITIALIZED_AUTOS = YES_AGGRESSIVE;
				GCC_WARN_UNUSED_FUNCTION = YES;
				GCC_WARN_UNUSED_VARIABLE = YES;
				IPHONEOS_DEPLOYMENT_TARGET = 15.0;
				MTL_ENABLE_DEBUG_INFO = INCLUDE_SOURCE;
				MTL_FAST_MATH = YES;
				ONLY_ACTIVE_ARCH = YES;
				SDKROOT = iphoneos;
				SWIFT_ACTIVE_COMPILATION_CONDITIONS = DEBUG;
				SWIFT_OPTIMIZATION_LEVEL = "-Onone";
			};
			name = Debug;
		};
		74E0E82D27553DE10048BF75 /* Release */ = {
			isa = XCBuildConfiguration;
			buildSettings = {
				ALWAYS_SEARCH_USER_PATHS = NO;
				CLANG_ANALYZER_NONNULL = YES;
				CLANG_ANALYZER_NUMBER_OBJECT_CONVERSION = YES_AGGRESSIVE;
				CLANG_CXX_LANGUAGE_STANDARD = "gnu++17";
				CLANG_CXX_LIBRARY = "libc++";
				CLANG_ENABLE_MODULES = YES;
				CLANG_ENABLE_OBJC_ARC = YES;
				CLANG_ENABLE_OBJC_WEAK = YES;
				CLANG_WARN_BLOCK_CAPTURE_AUTORELEASING = YES;
				CLANG_WARN_BOOL_CONVERSION = YES;
				CLANG_WARN_COMMA = YES;
				CLANG_WARN_CONSTANT_CONVERSION = YES;
				CLANG_WARN_DEPRECATED_OBJC_IMPLEMENTATIONS = YES;
				CLANG_WARN_DIRECT_OBJC_ISA_USAGE = YES_ERROR;
				CLANG_WARN_DOCUMENTATION_COMMENTS = YES;
				CLANG_WARN_EMPTY_BODY = YES;
				CLANG_WARN_ENUM_CONVERSION = YES;
				CLANG_WARN_INFINITE_RECURSION = YES;
				CLANG_WARN_INT_CONVERSION = YES;
				CLANG_WARN_NON_LITERAL_NULL_CONVERSION = YES;
				CLANG_WARN_OBJC_IMPLICIT_RETAIN_SELF = YES;
				CLANG_WARN_OBJC_LITERAL_CONVERSION = YES;
				CLANG_WARN_OBJC_ROOT_CLASS = YES_ERROR;
				CLANG_WARN_QUOTED_INCLUDE_IN_FRAMEWORK_HEADER = YES;
				CLANG_WARN_RANGE_LOOP_ANALYSIS = YES;
				CLANG_WARN_STRICT_PROTOTYPES = YES;
				CLANG_WARN_SUSPICIOUS_MOVE = YES;
				CLANG_WARN_UNGUARDED_AVAILABILITY = YES_AGGRESSIVE;
				CLANG_WARN_UNREACHABLE_CODE = YES;
				CLANG_WARN__DUPLICATE_METHOD_MATCH = YES;
				COPY_PHASE_STRIP = NO;
				DEBUG_INFORMATION_FORMAT = "dwarf-with-dsym";
				ENABLE_NS_ASSERTIONS = NO;
				ENABLE_STRICT_OBJC_MSGSEND = YES;
				GCC_C_LANGUAGE_STANDARD = gnu11;
				GCC_NO_COMMON_BLOCKS = YES;
				GCC_WARN_64_TO_32_BIT_CONVERSION = YES;
				GCC_WARN_ABOUT_RETURN_TYPE = YES_ERROR;
				GCC_WARN_UNDECLARED_SELECTOR = YES;
				GCC_WARN_UNINITIALIZED_AUTOS = YES_AGGRESSIVE;
				GCC_WARN_UNUSED_FUNCTION = YES;
				GCC_WARN_UNUSED_VARIABLE = YES;
				IPHONEOS_DEPLOYMENT_TARGET = 15.0;
				MTL_ENABLE_DEBUG_INFO = NO;
				MTL_FAST_MATH = YES;
				SDKROOT = iphoneos;
				SWIFT_COMPILATION_MODE = wholemodule;
				SWIFT_OPTIMIZATION_LEVEL = "-O";
				VALIDATE_PRODUCT = YES;
			};
			name = Release;
		};
		74E0E82F27553DE10048BF75 /* Debug */ = {
			isa = XCBuildConfiguration;
			buildSettings = {
				ASSETCATALOG_COMPILER_APPICON_NAME = AppIcon;
				ASSETCATALOG_COMPILER_GLOBAL_ACCENT_COLOR_NAME = AccentColor;
				ASSETCATALOG_COMPILER_INCLUDE_ALL_APPICON_ASSETS = NO;
				ASSETCATALOG_COMPILER_LAUNCHIMAGE_NAME = "";
				CODE_SIGN_STYLE = Automatic;
				CURRENT_PROJECT_VERSION = 1;
				DEVELOPMENT_TEAM = 7P44L7M6EL;
				GENERATE_INFOPLIST_FILE = YES;
				INFOPLIST_FILE = dyzb/Info.plist;
				INFOPLIST_KEY_CFBundleDisplayName = "斗鱼直播";
				INFOPLIST_KEY_UIApplicationSupportsIndirectInputEvents = YES;
				INFOPLIST_KEY_UILaunchStoryboardName = LaunchScreen;
				INFOPLIST_KEY_UIMainStoryboardFile = Main;
				INFOPLIST_KEY_UISupportedInterfaceOrientations = UIInterfaceOrientationPortrait;
				INFOPLIST_KEY_UISupportedInterfaceOrientations_iPad = "UIInterfaceOrientationPortrait UIInterfaceOrientationPortraitUpsideDown UIInterfaceOrientationLandscapeLeft UIInterfaceOrientationLandscapeRight";
				INFOPLIST_KEY_UISupportedInterfaceOrientations_iPhone = "UIInterfaceOrientationPortrait UIInterfaceOrientationLandscapeLeft UIInterfaceOrientationLandscapeRight";
				IPHONEOS_DEPLOYMENT_TARGET = 15.0;
				LD_RUNPATH_SEARCH_PATHS = (
					"$(inherited)",
					"@executable_path/Frameworks",
				);
				MARKETING_VERSION = 1.0;
				PRODUCT_BUNDLE_IDENTIFIER = com.lee.cn.dyzb;
				PRODUCT_NAME = "$(TARGET_NAME)";
				SWIFT_EMIT_LOC_STRINGS = YES;
				SWIFT_VERSION = 5.0;
				TARGETED_DEVICE_FAMILY = 1;
			};
			name = Debug;
		};
		74E0E83027553DE10048BF75 /* Release */ = {
			isa = XCBuildConfiguration;
			buildSettings = {
				ASSETCATALOG_COMPILER_APPICON_NAME = AppIcon;
				ASSETCATALOG_COMPILER_GLOBAL_ACCENT_COLOR_NAME = AccentColor;
				ASSETCATALOG_COMPILER_INCLUDE_ALL_APPICON_ASSETS = NO;
				ASSETCATALOG_COMPILER_LAUNCHIMAGE_NAME = "";
				CODE_SIGN_STYLE = Automatic;
				CURRENT_PROJECT_VERSION = 1;
				DEVELOPMENT_TEAM = 7P44L7M6EL;
				GENERATE_INFOPLIST_FILE = YES;
				INFOPLIST_FILE = dyzb/Info.plist;
				INFOPLIST_KEY_CFBundleDisplayName = "斗鱼直播";
				INFOPLIST_KEY_UIApplicationSupportsIndirectInputEvents = YES;
				INFOPLIST_KEY_UILaunchStoryboardName = LaunchScreen;
				INFOPLIST_KEY_UIMainStoryboardFile = Main;
				INFOPLIST_KEY_UISupportedInterfaceOrientations = UIInterfaceOrientationPortrait;
				INFOPLIST_KEY_UISupportedInterfaceOrientations_iPad = "UIInterfaceOrientationPortrait UIInterfaceOrientationPortraitUpsideDown UIInterfaceOrientationLandscapeLeft UIInterfaceOrientationLandscapeRight";
				INFOPLIST_KEY_UISupportedInterfaceOrientations_iPhone = "UIInterfaceOrientationPortrait UIInterfaceOrientationLandscapeLeft UIInterfaceOrientationLandscapeRight";
				IPHONEOS_DEPLOYMENT_TARGET = 15.0;
				LD_RUNPATH_SEARCH_PATHS = (
					"$(inherited)",
					"@executable_path/Frameworks",
				);
				MARKETING_VERSION = 1.0;
				PRODUCT_BUNDLE_IDENTIFIER = com.lee.cn.dyzb;
				PRODUCT_NAME = "$(TARGET_NAME)";
				SWIFT_EMIT_LOC_STRINGS = YES;
				SWIFT_VERSION = 5.0;
				TARGETED_DEVICE_FAMILY = 1;
			};
			name = Release;
		};
		74E0E83227553DE10048BF75 /* Debug */ = {
			isa = XCBuildConfiguration;
			buildSettings = {
				ALWAYS_EMBED_SWIFT_STANDARD_LIBRARIES = YES;
				BUNDLE_LOADER = "$(TEST_HOST)";
				CODE_SIGN_STYLE = Automatic;
				CURRENT_PROJECT_VERSION = 1;
				DEVELOPMENT_TEAM = 7P44L7M6EL;
				GENERATE_INFOPLIST_FILE = YES;
				IPHONEOS_DEPLOYMENT_TARGET = 15.0;
				LD_RUNPATH_SEARCH_PATHS = (
					"$(inherited)",
					"@executable_path/Frameworks",
					"@loader_path/Frameworks",
				);
				MARKETING_VERSION = 1.0;
				PRODUCT_BUNDLE_IDENTIFIER = com.lee.cn.dyzbTests;
				PRODUCT_NAME = "$(TARGET_NAME)";
				SWIFT_EMIT_LOC_STRINGS = NO;
				SWIFT_VERSION = 5.0;
				TARGETED_DEVICE_FAMILY = "1,2";
				TEST_HOST = "$(BUILT_PRODUCTS_DIR)/dyzb.app/dyzb";
			};
			name = Debug;
		};
		74E0E83327553DE10048BF75 /* Release */ = {
			isa = XCBuildConfiguration;
			buildSettings = {
				ALWAYS_EMBED_SWIFT_STANDARD_LIBRARIES = YES;
				BUNDLE_LOADER = "$(TEST_HOST)";
				CODE_SIGN_STYLE = Automatic;
				CURRENT_PROJECT_VERSION = 1;
				DEVELOPMENT_TEAM = 7P44L7M6EL;
				GENERATE_INFOPLIST_FILE = YES;
				IPHONEOS_DEPLOYMENT_TARGET = 15.0;
				LD_RUNPATH_SEARCH_PATHS = (
					"$(inherited)",
					"@executable_path/Frameworks",
					"@loader_path/Frameworks",
				);
				MARKETING_VERSION = 1.0;
				PRODUCT_BUNDLE_IDENTIFIER = com.lee.cn.dyzbTests;
				PRODUCT_NAME = "$(TARGET_NAME)";
				SWIFT_EMIT_LOC_STRINGS = NO;
				SWIFT_VERSION = 5.0;
				TARGETED_DEVICE_FAMILY = "1,2";
				TEST_HOST = "$(BUILT_PRODUCTS_DIR)/dyzb.app/dyzb";
			};
			name = Release;
		};
		74E0E83527553DE10048BF75 /* Debug */ = {
			isa = XCBuildConfiguration;
			buildSettings = {
				ALWAYS_EMBED_SWIFT_STANDARD_LIBRARIES = YES;
				CODE_SIGN_STYLE = Automatic;
				CURRENT_PROJECT_VERSION = 1;
				DEVELOPMENT_TEAM = 7P44L7M6EL;
				GENERATE_INFOPLIST_FILE = YES;
				LD_RUNPATH_SEARCH_PATHS = (
					"$(inherited)",
					"@executable_path/Frameworks",
					"@loader_path/Frameworks",
				);
				MARKETING_VERSION = 1.0;
				PRODUCT_BUNDLE_IDENTIFIER = com.lee.cn.dyzbUITests;
				PRODUCT_NAME = "$(TARGET_NAME)";
				SWIFT_EMIT_LOC_STRINGS = NO;
				SWIFT_VERSION = 5.0;
				TARGETED_DEVICE_FAMILY = "1,2";
				TEST_TARGET_NAME = dyzb;
			};
			name = Debug;
		};
		74E0E83627553DE10048BF75 /* Release */ = {
			isa = XCBuildConfiguration;
			buildSettings = {
				ALWAYS_EMBED_SWIFT_STANDARD_LIBRARIES = YES;
				CODE_SIGN_STYLE = Automatic;
				CURRENT_PROJECT_VERSION = 1;
				DEVELOPMENT_TEAM = 7P44L7M6EL;
				GENERATE_INFOPLIST_FILE = YES;
				LD_RUNPATH_SEARCH_PATHS = (
					"$(inherited)",
					"@executable_path/Frameworks",
					"@loader_path/Frameworks",
				);
				MARKETING_VERSION = 1.0;
				PRODUCT_BUNDLE_IDENTIFIER = com.lee.cn.dyzbUITests;
				PRODUCT_NAME = "$(TARGET_NAME)";
				SWIFT_EMIT_LOC_STRINGS = NO;
				SWIFT_VERSION = 5.0;
				TARGETED_DEVICE_FAMILY = "1,2";
				TEST_TARGET_NAME = dyzb;
			};
			name = Release;
		};
/* End XCBuildConfiguration section */

/* Begin XCConfigurationList section */
		74E0E7FF27553DDE0048BF75 /* Build configuration list for PBXProject "dyzb" */ = {
			isa = XCConfigurationList;
			buildConfigurations = (
				74E0E82C27553DE10048BF75 /* Debug */,
				74E0E82D27553DE10048BF75 /* Release */,
			);
			defaultConfigurationIsVisible = 0;
			defaultConfigurationName = Release;
		};
		74E0E82E27553DE10048BF75 /* Build configuration list for PBXNativeTarget "dyzb" */ = {
			isa = XCConfigurationList;
			buildConfigurations = (
				74E0E82F27553DE10048BF75 /* Debug */,
				74E0E83027553DE10048BF75 /* Release */,
			);
			defaultConfigurationIsVisible = 0;
			defaultConfigurationName = Release;
		};
		74E0E83127553DE10048BF75 /* Build configuration list for PBXNativeTarget "dyzbTests" */ = {
			isa = XCConfigurationList;
			buildConfigurations = (
				74E0E83227553DE10048BF75 /* Debug */,
				74E0E83327553DE10048BF75 /* Release */,
			);
			defaultConfigurationIsVisible = 0;
			defaultConfigurationName = Release;
		};
		74E0E83427553DE10048BF75 /* Build configuration list for PBXNativeTarget "dyzbUITests" */ = {
			isa = XCConfigurationList;
			buildConfigurations = (
				74E0E83527553DE10048BF75 /* Debug */,
				74E0E83627553DE10048BF75 /* Release */,
			);
			defaultConfigurationIsVisible = 0;
			defaultConfigurationName = Release;
		};
/* End XCConfigurationList section */
	};
	rootObject = 74E0E7FC27553DDE0048BF75 /* Project object */;
}
